
Microsoft Visual Studio Solution File, Format Version 12.00
# Visual Studio 15
VisualStudioVersion = 15.0.28307.168
MinimumVisualStudioVersion = 10.0.40219.1
Global
	GlobalSection(SolutionConfigurationPlatforms) = preSolution
		Debug|Any CPU = Debug|Any CPU
		Release|Any CPU = Release|Any CPU
	EndGlobalSection
	GlobalSection(ProjectConfigurationPlatforms) = postSolution
		{074E8AA6-B930-4659-B59B-E1C2C284D6F3}.Debug|Any CPU.ActiveCfg = Debug|Any CPU
		{074E8AA6-B930-4659-B59B-E1C2C284D6F3}.Debug|Any CPU.Build.0 = Debug|Any CPU
		{074E8AA6-B930-4659-B59B-E1C2C284D6F3}.Debug|Any CPU.Deploy.0 = Debug|Any CPU
		{074E8AA6-B930-4659-B59B-E1C2C284D6F3}.Release|Any CPU.ActiveCfg = Release|Any CPU
		{074E8AA6-B930-4659-B59B-E1C2C284D6F3}.Release|Any CPU.Build.0 = Release|Any CPU
		{074E8AA6-B930-4659-B59B-E1C2C284D6F3}.Release|Any CPU.Deploy.0 = Release|Any CPU
	EndGlobalSection
	GlobalSection(SolutionProperties) = preSolution
		HideSolutionNode = FALSE
	EndGlobalSection
	GlobalSection(ExtensibilityGlobals) = postSolution
		SolutionGuid = {EE609BFE-1235-4313-843C-686E0EF58964}
	EndGlobalSection
EndGlobal
